# THIS IS AN AUTOGENERATED FILE. DO NOT EDIT THIS FILE DIRECTLY.
# yarn lockfile v1


"@types/amqplib@^0.8.0":
  version "0.8.2"
  resolved "https://registry.yarnpkg.com/@types/amqplib/-/amqplib-0.8.2.tgz#9c46f2c7fac381e4f81bcb612c00d54549697d22"
  integrity sha512-p+TFLzo52f8UanB+Nq6gyUi65yecAcRY3nYowU6MPGFtaJvEDxcnFWrxssSTkF+ts1W3zyQDvgVICLQem5WxRA==
  dependencies:
    "@types/bluebird" "*"
    "@types/node" "*"

"@types/axios@^0.14.0":
  version "0.14.0"
  resolved "https://registry.yarnpkg.com/@types/axios/-/axios-0.14.0.tgz#ec2300fbe7d7dddd7eb9d3abf87999964cafce46"
  integrity sha1-7CMA++fX3d1+udOr+HmZlkyvzkY=
  dependencies:
    axios "*"

"@types/bluebird@*":
  version "3.5.36"
  resolved "https://registry.yarnpkg.com/@types/bluebird/-/bluebird-3.5.36.tgz#00d9301d4dc35c2f6465a8aec634bb533674c652"
  integrity sha512-HBNx4lhkxN7bx6P0++W8E289foSu8kO8GCk2unhuVggO+cE7rh9DhZUyPhUxNRG9m+5B5BTKxZQ5ZP92x/mx9Q==

"@types/crypto-js@^4.0.1":
  version "4.0.2"
  resolved "https://registry.yarnpkg.com/@types/crypto-js/-/crypto-js-4.0.2.tgz#4524325a175bf819fec6e42560c389ce1fb92c97"
  integrity sha512-sCVniU+h3GcGqxOmng11BRvf9TfN9yIs8KKjB8C8d75W69cpTfZG80gau9yTx5SxF3gvHGbJhdESzzvnjtf3Og==

"@types/jsonwebtoken@^8.5.5":
  version "8.5.5"
  resolved "https://registry.yarnpkg.com/@types/jsonwebtoken/-/jsonwebtoken-8.5.5.tgz#da5f2f4baee88f052ef3e4db4c1a0afb46cff22c"
  integrity sha512-OGqtHQ7N5/Ap/TUwO6IgHDuLiAoTmHhGpNvgkCm/F4N6pKzx/RBSfr2OXZSwC6vkfnsEdb6+7DNZVtiXiwdwFw==
  dependencies:
    "@types/node" "*"

"@types/node@*":
  version "16.11.7"
  resolved "https://registry.yarnpkg.com/@types/node/-/node-16.11.7.tgz#36820945061326978c42a01e56b61cd223dfdc42"
  integrity sha512-QB5D2sqfSjCmTuWcBWyJ+/44bcjO7VbjSbOE0ucoVbAsSNQc4Lt6QkgkVXkTDwkL4z/beecZNDvVX15D4P8Jbw==

"@types/node@^15.12.2":
  version "15.14.9"
  resolved "https://registry.yarnpkg.com/@types/node/-/node-15.14.9.tgz#bc43c990c3c9be7281868bbc7b8fdd6e2b57adfa"
  integrity sha512-qjd88DrCxupx/kJD5yQgZdcYKZKSIGBVDIBE1/LTGcNm3d2Np/jxojkdePDdfnBHJc5W7vSMpbJ1aB7p/Py69A==

"@types/numeral@^2.0.1":
  version "2.0.2"
  resolved "https://registry.yarnpkg.com/@types/numeral/-/numeral-2.0.2.tgz#8ea2c4f4e64c0cc948ad7da375f6f827778a7912"
  integrity sha512-A8F30k2gYJ/6e07spSCPpkuZu79LCnkPTvqmIWQzNGcrzwFKpVOydG41lNt5wZXjSI149qjyzC2L1+F2PD/NUA==

"@types/prop-types@*":
  version "15.7.4"
  resolved "https://registry.yarnpkg.com/@types/prop-types/-/prop-types-15.7.4.tgz#fcf7205c25dff795ee79af1e30da2c9790808f11"
  integrity sha512-rZ5drC/jWjrArrS8BR6SIr4cWpW09RNTYt9AMZo3Jwwif+iacXAqgVjm0B0Bv/S1jhDXKHqRVNCbACkJ89RAnQ==

"@types/query-string@^6.3.0":
  version "6.3.0"
  resolved "https://registry.yarnpkg.com/@types/query-string/-/query-string-6.3.0.tgz#b6fa172a01405abcaedac681118e78429d62ea39"
  integrity sha512-yuIv/WRffRzL7cBW+sla4HwBZrEXRNf1MKQ5SklPEadth+BKbDxiVG8A3iISN5B3yC4EeSCzMZP8llHTcUhOzQ==
  dependencies:
    query-string "*"

"@types/ramda@^0.27.44":
  version "0.27.47"
  resolved "https://registry.yarnpkg.com/@types/ramda/-/ramda-0.27.47.tgz#b3655eb2be5e21dd692d5c95db03a450275d094b"
  integrity sha512-kWB51Q/R+5jS6StvaZq2Q4+EFlUPAB5Av6OwgWddAEkjXMdrefRwR2/B5B9V7xYFO37dwwZ/q2iMLQHFIcOwDw==
  dependencies:
    ts-toolbelt "^6.15.1"

"@types/react@^17.0.11":
  version "17.0.34"
  resolved "https://registry.yarnpkg.com/@types/react/-/react-17.0.34.tgz#797b66d359b692e3f19991b6b07e4b0c706c0102"
  integrity sha512-46FEGrMjc2+8XhHXILr+3+/sTe3OfzSPU9YGKILLrUYbQ1CLQC9Daqo1KzENGXAWwrFwiY0l4ZbF20gRvgpWTg==
  dependencies:
    "@types/prop-types" "*"
    "@types/scheduler" "*"
    csstype "^3.0.2"

"@types/scheduler@*":
  version "0.16.2"
  resolved "https://registry.yarnpkg.com/@types/scheduler/-/scheduler-0.16.2.tgz#1a62f89525723dde24ba1b01b092bf5df8ad4d39"
  integrity sha512-hppQEBDmlwhFAXKJX2KnWLYu5yMfi91yazPb2l+lbJiwW+wdo1gNeRA+3RgNSO39WYX2euey41KEwnqesU2Jew==

"@types/url-join@^4.0.0":
  version "4.0.1"
  resolved "https://registry.yarnpkg.com/@types/url-join/-/url-join-4.0.1.tgz#4989c97f969464647a8586c7252d97b449cdc045"
  integrity sha512-wDXw9LEEUHyV+7UWy7U315nrJGJ7p1BzaCxDpEoLr789Dk1WDVMMlf3iBfbG2F8NdWnYyFbtTxUn2ZNbm1Q4LQ==

"@types/uuid-validate@^0.0.1":
  version "0.0.1"
  resolved "https://registry.yarnpkg.com/@types/uuid-validate/-/uuid-validate-0.0.1.tgz#b4eedecbd9db25851490d65a58f13feaa89dd509"
  integrity sha512-RbX9q0U00SLoV+l7loYX0Wrtv4QTClBC0QcdNts6x2b5G1HJN8NI9YlS1HNA6THrI9EH3OXSgya6eMQIlDjKFA==

"@types/uuid@^8.3.1":
  version "8.3.1"
  resolved "https://registry.yarnpkg.com/@types/uuid/-/uuid-8.3.1.tgz#1a32969cf8f0364b3d8c8af9cc3555b7805df14f"
  integrity sha512-Y2mHTRAbqfFkpjldbkHGY8JIzRN6XqYRliG8/24FcHm2D2PwW24fl5xMRTVGdrb7iMrwCaIEbLWerGIkXuFWVg==

arg@^4.1.0:
  version "4.1.3"
  resolved "https://registry.yarnpkg.com/arg/-/arg-4.1.3.tgz#269fc7ad5b8e42cb63c896d5666017261c144089"
  integrity sha512-58S9QDqG0Xx27YwPSt9fJxivjYl432YCwfDMfZ+71RAqUrZef7LrKQZ3LHLOwCS4FLNBplP533Zx895SeOCHvA==

axios@*:
  version "0.24.0"
  resolved "https://registry.yarnpkg.com/axios/-/axios-0.24.0.tgz#804e6fa1e4b9c5288501dd9dff56a7a0940d20d6"
  integrity sha512-Q6cWsys88HoPgAaFAVUb0WpPk0O8iTeisR9IMqy9G8AbO4NlpVknrnQS03zzF9PGAWgO3cgletO3VjV/P7VztA==
  dependencies:
    follow-redirects "^1.14.4"

buffer-from@^1.0.0:
  version "1.1.2"
  resolved "https://registry.yarnpkg.com/buffer-from/-/buffer-from-1.1.2.tgz#2b146a6fd72e80b4f55d255f35ed59a3a9a41bd5"
  integrity sha512-E+XQCRwSbaaiChtv6k6Dwgc+bx+Bs6vuKJHHl5kox/BaKbhiXzqQOwK4cO22yElGp2OCmjwVhT3HmxgyPGnJfQ==

create-require@^1.1.0:
  version "1.1.1"
  resolved "https://registry.yarnpkg.com/create-require/-/create-require-1.1.1.tgz#c1d7e8f1e5f6cfc9ff65f9cd352d37348756c333"
  integrity sha512-dcKFX3jn0MpIaXjisoRvexIJVEKzaq7z2rZKxf+MSr9TkdmHmsU4m2lcLojrj/FHl8mk5VxMmYA+ftRkP/3oKQ==

csstype@^3.0.2:
  version "3.0.9"
  resolved "https://registry.yarnpkg.com/csstype/-/csstype-3.0.9.tgz#6410af31b26bd0520933d02cbc64fce9ce3fbf0b"
  integrity sha512-rpw6JPxK6Rfg1zLOYCSwle2GFOOsnjmDYDaBwEcwoOg4qlsIVCN789VkBZDJAGi4T07gI4YSutR43t9Zz4Lzuw==

decode-uri-component@^0.2.0:
  version "0.2.0"
  resolved "https://registry.yarnpkg.com/decode-uri-component/-/decode-uri-component-0.2.0.tgz#eb3913333458775cb84cd1a1fae062106bb87545"
  integrity sha1-6zkTMzRYd1y4TNGh+uBiEGu4dUU=

diff@^4.0.1:
  version "4.0.2"
  resolved "https://registry.yarnpkg.com/diff/-/diff-4.0.2.tgz#60f3aecb89d5fae520c11aa19efc2bb982aade7d"
  integrity sha512-58lmxKSA4BNyLz+HHMUzlOEpg09FV+ev6ZMe3vJihgdxzgcwZ8VoEEPmALCZG9LmqfVoNMMKpttIYTVG6uDY7A==

filter-obj@^1.1.0:
  version "1.1.0"
  resolved "https://registry.yarnpkg.com/filter-obj/-/filter-obj-1.1.0.tgz#9b311112bc6c6127a16e016c6c5d7f19e0805c5b"
  integrity sha1-mzERErxsYSehbgFsbF1/GeCAXFs=

follow-redirects@^1.14.4:
  version "1.14.5"
  resolved "https://registry.yarnpkg.com/follow-redirects/-/follow-redirects-1.14.5.tgz#f09a5848981d3c772b5392309778523f8d85c381"
  integrity sha512-wtphSXy7d4/OR+MvIFbCVBDzZ5520qV8XfPklSN5QtxuMUJZ+b0Wnst1e1lCDocfzuCkHqj8k0FpZqO+UIaKNA==

make-error@^1.1.1:
  version "1.3.6"
  resolved "https://registry.yarnpkg.com/make-error/-/make-error-1.3.6.tgz#2eb2e37ea9b67c4891f684a1394799af484cf7a2"
  integrity sha512-s8UhlNe7vPKomQhC1qFelMokr/Sc3AgNbso3n74mVPA5LTZwkB9NlXf4XPamLxJE8h0gh73rM94xvwRT2CVInw==

query-string@*:
  version "7.0.1"
  resolved "https://registry.yarnpkg.com/query-string/-/query-string-7.0.1.tgz#45bd149cf586aaa582dffc7ec7a8ad97dd02f75d"
  integrity sha512-uIw3iRvHnk9to1blJCG3BTc+Ro56CBowJXKmNNAm3RulvPBzWLRqKSiiDk+IplJhsydwtuNMHi8UGQFcCLVfkA==
  dependencies:
    decode-uri-component "^0.2.0"
    filter-obj "^1.1.0"
    split-on-first "^1.0.0"
    strict-uri-encode "^2.0.0"

source-map-support@^0.5.17:
  version "0.5.20"
  resolved "https://registry.yarnpkg.com/source-map-support/-/source-map-support-0.5.20.tgz#12166089f8f5e5e8c56926b377633392dd2cb6c9"
  integrity sha512-n1lZZ8Ve4ksRqizaBQgxXDgKwttHDhyfQjA6YZZn8+AroHbsIz+JjwxQDxbp+7y5OYCI8t1Yk7etjD9CRd2hIw==
  dependencies:
    buffer-from "^1.0.0"
    source-map "^0.6.0"

source-map@^0.6.0:
  version "0.6.1"
  resolved "https://registry.yarnpkg.com/source-map/-/source-map-0.6.1.tgz#74722af32e9614e9c287a8d0bbde48b5e2f1a263"
  integrity sha512-UjgapumWlbMhkBgzT7Ykc5YXUT46F0iKu8SGXq0bcwP5dz/h0Plj6enJqjz1Zbq2l5WaqYnrVbwWOWMyF3F47g==

split-on-first@^1.0.0:
  version "1.1.0"
  resolved "https://registry.yarnpkg.com/split-on-first/-/split-on-first-1.1.0.tgz#f610afeee3b12bce1d0c30425e76398b78249a5f"
  integrity sha512-43ZssAJaMusuKWL8sKUBQXHWOpq8d6CfN/u1p4gUzfJkM05C8rxTmYrkIPTXapZpORA6LkkzcUulJ8FqA7Uudw==

strict-uri-encode@^2.0.0:
  version "2.0.0"
  resolved "https://registry.yarnpkg.com/strict-uri-encode/-/strict-uri-encode-2.0.0.tgz#b9c7330c7042862f6b142dc274bbcc5866ce3546"
  integrity sha1-ucczDHBChi9rFC3CdLvMWGbONUY=

ts-node@9.1.1:
  version "9.1.1"
  resolved "https://registry.yarnpkg.com/ts-node/-/ts-node-9.1.1.tgz#51a9a450a3e959401bda5f004a72d54b936d376d"
  integrity sha512-hPlt7ZACERQGf03M253ytLY3dHbGNGrAq9qIHWUY9XHYl1z7wYngSr3OQ5xmui8o2AaxsONxIzjafLUiWBo1Fg==
  dependencies:
    arg "^4.1.0"
    create-require "^1.1.0"
    diff "^4.0.1"
    make-error "^1.1.1"
    source-map-support "^0.5.17"
    yn "3.1.1"

ts-toolbelt@^6.15.1:
  version "6.15.5"
  resolved "https://registry.yarnpkg.com/ts-toolbelt/-/ts-toolbelt-6.15.5.tgz#cb3b43ed725cb63644782c64fbcad7d8f28c0a83"
  integrity sha512-FZIXf1ksVyLcfr7M317jbB67XFJhOO1YqdTcuGaq9q5jLUoTikukZ+98TPjKiP2jC5CgmYdWWYs0s2nLSU0/1A==

typescript@^4.3.2:
  version "4.4.4"
  resolved "https://registry.yarnpkg.com/typescript/-/typescript-4.4.4.tgz#2cd01a1a1f160704d3101fd5a58ff0f9fcb8030c"
  integrity sha512-DqGhF5IKoBl8WNf8C1gu8q0xZSInh9j1kJJMqT3a94w1JzVaBU4EXOSMrz9yDqMT0xt3selp83fuFMQ0uzv6qA==

yn@3.1.1:
  version "3.1.1"
  resolved "https://registry.yarnpkg.com/yn/-/yn-3.1.1.tgz#1e87401a09d767c1d5eab26a6e4c185182d2eb50"
  integrity sha512-Ux4ygGWsu2c7isFWe8Yu1YluJmqVhxqK2cLXNQA5AcC3QfbGNpM7fu0Y8b/z16pXLnFxZYvWhd3fhBY9DLmC6Q==
